lockfileVersion: '9.0'

settings:
  autoInstallPeers: true
  excludeLinksFromLockfile: false

importers:

  .:
    dependencies:
      lodash-es:
        specifier: ^4.17.21
        version: 4.17.21
    devDependencies:
      '@types/lodash-es':
        specifier: ^4.17.12
        version: 4.17.12
      prettier:
        specifier: ^3.3.3
        version: 3.5.3

packages:

  '@types/lodash-es@4.17.12':
    resolution: {integrity: sha512-0NgftHUcV4v34VhXm8QBSftKVXtbkBG3ViCjs6+eJ5a6y6Mi/jiFGPc1sC7QK+9BFhWrURE3EOggmWaSxL9OzQ==}

  '@types/lodash@4.17.6':
    resolution: {integrity: sha512-OpXEVoCKSS3lQqjx9GGGOapBeuW5eUboYHRlHP9urXPX25IKZ6AnP5ZRxtVf63iieUbsHxLn8NQ5Nlftc6yzAA==}

  lodash-es@4.17.21:
    resolution: {integrity: sha512-mKnC+QJ9pWVzv+C4/U3rRsHapFfHvQFoFB92e52xeyGMcX6/OlIl78je1u8vePzYZSkkogMPJ2yjxxsb89cxyw==}

  prettier@3.5.3:
    resolution: {integrity: sha512-QQtaxnoDJeAkDvDKWCLiwIXkTgRhwYDEQCghU9Z6q03iyek/rxRh/2lC3HB7P8sWT2xC/y5JDctPLBIGzHKbhw==}
    engines: {node: '>=14'}
    hasBin: true

snapshots:

  '@types/lodash-es@4.17.12':
    dependencies:
      '@types/lodash': 4.17.6

  '@types/lodash@4.17.6': {}

  lodash-es@4.17.21: {}

  prettier@3.5.3: {}
